schema: '2.0'
stages:
  preprocess:
    cmd: python -m raay.data.preprocess
    deps:
    - path: data/raw/Final_Data.csv
      hash: md5
      md5: 77573994194612e9e216e3466b2eeb42
      size: 4443191
    - path: src/raay/data/preprocess.py
      hash: md5
      md5: 9f45981c3644bf18b2719ae35b202a3c
      size: 7626
    params:
      params.yaml:
        preprocessing:
          min_char_length: 10
          elongation_max_repeat: 2
          dedup_similarity_threshold: 0.9
    outs:
    - path: data/interim/normalized.csv
      hash: md5
      md5: 250981254fd2c269dece5b288a0ade05
      size: 4361364
    - path: reports/preprocess_metrics.json
      hash: md5
      md5: e201c8430cf2a3384e330cc17f16fb2d
      size: 318
  split:
    cmd: python -m raay.data.split
    deps:
    - path: data/interim/normalized.csv
      hash: md5
      md5: 250981254fd2c269dece5b288a0ade05
      size: 4361364
    - path: src/raay/data/dialect.py
      hash: md5
      md5: bb2478a2714db413e008bd4fd52462de
      size: 5957
    - path: src/raay/enums/constants.py
      hash: md5
      md5: 89b881eade4fe2e89ab2331469c68a28
      size: 562
    params:
      params.yaml:
        split:
          test_size: 0.2
          val_size: 0.1
          random_state: 42
    outs:
    - path: data/processed/test.csv
      hash: md5
      md5: 5d18bebe1ecdbbcccab6dca9e311630f
      size: 971806
    - path: data/processed/train.csv
      hash: md5
      md5: c7275698ec117b0961df59b8a42d9cbb
      size: 3352436
    - path: data/processed/val.csv
      hash: md5
      md5: 5fe53c87e7b05fbf3862053c4e94845f
      size: 478580
