schema: '2.0'
stages:
  preprocess:
    cmd: python -m raay.data.preprocess
    deps:
    - path: data/raw/Final_Data.csv
      hash: md5
      md5: 77573994194612e9e216e3466b2eeb42
      size: 4443191
    - path: src/raay/data/preprocess.py
      hash: md5
      md5: 9f45981c3644bf18b2719ae35b202a3c
      size: 7626
    params:
      params.yaml:
        preprocessing:
          min_char_length: 10
          elongation_max_repeat: 2
          dedup_similarity_threshold: 0.9
    outs:
    - path: data/interim/normalized.csv
      hash: md5
      md5: 250981254fd2c269dece5b288a0ade05
      size: 4361364
    - path: reports/preprocess_metrics.json
      hash: md5
      md5: e201c8430cf2a3384e330cc17f16fb2d
      size: 318
  split:
    cmd: python -m raay.data.split
    deps:
    - path: data/interim/normalized.csv
      hash: md5
      md5: 250981254fd2c269dece5b288a0ade05
      size: 4361364
    - path: src/raay/data/split.py
      hash: md5
      md5: 4f74ccf983bba487ab90a8f1d108b8cd
      size: 2967
    params:
      params.yaml:
        split:
          test_size: 0.2
          val_size: 0.1
          random_state: 42
    outs:
    - path: data/processed/test.csv
      hash: md5
      md5: 6eb1d005c0bc2a896868594a0d42e19c
      size: 883433
    - path: data/processed/train.csv
      hash: md5
      md5: 45cd7ecbe0a8176762e91a120a6c49db
      size: 3043648
    - path: data/processed/val.csv
      hash: md5
      md5: 5004266e1c888dd9856c7e59865591f4
      size: 434346
